
Microsoft Visual Studio Solution File, Format Version 12.00
# Visual Studio Version 16
VisualStudioVersion = 16.0.30804.86
MinimumVisualStudioVersion = 10.0.40219.1
Project("{888888A0-9F3D-457C-B088-3A5042F75D52}") = "Chapter09", "Chapter09.pyproj", "{358166FE-D2DB-463C-8D7F-BA0C50A2A106}"
EndProject
Global
	GlobalSection(SolutionConfigurationPlatforms) = preSolution
		Debug|Any CPU = Debug|Any CPU
		Release|Any CPU = Release|Any CPU
	EndGlobalSection
	GlobalSection(ProjectConfigurationPlatforms) = postSolution
		{358166FE-D2DB-463C-8D7F-BA0C50A2A106}.Debug|Any CPU.ActiveCfg = Debug|Any CPU
		{358166FE-D2DB-463C-8D7F-BA0C50A2A106}.Release|Any CPU.ActiveCfg = Release|Any CPU
	EndGlobalSection
	GlobalSection(SolutionProperties) = preSolution
		HideSolutionNode = FALSE
	EndGlobalSection
	GlobalSection(ExtensibilityGlobals) = postSolution
		SolutionGuid = {FB59EA2F-8A88-4E03-888E-9E00625574F7}
	EndGlobalSection
EndGlobal
